
Microsoft Visual Studio Solution File, Format Version 12.00
# Visual Studio Version 16
VisualStudioVersion = 16.0.32126.315
MinimumVisualStudioVersion = 10.0.40219.1
Project("{FAE04EC0-301F-11D3-BF4B-00C04F79EFBC}") = "TestProject", "TestProject\TestProject.csproj", "{1C5E8BDD-7F87-4E25-B805-44997A770426}"
EndProject
Global
	GlobalSection(SolutionConfigurationPlatforms) = preSolution
		Debug|Any CPU = Debug|Any CPU
		Release|Any CPU = Release|Any CPU
	EndGlobalSection
	GlobalSection(ProjectConfigurationPlatforms) = postSolution
		{1C5E8BDD-7F87-4E25-B805-44997A770426}.Debug|Any CPU.ActiveCfg = Debug|Any CPU
		{1C5E8BDD-7F87-4E25-B805-44997A770426}.Debug|Any CPU.Build.0 = Debug|Any CPU
		{1C5E8BDD-7F87-4E25-B805-44997A770426}.Release|Any CPU.ActiveCfg = Release|Any CPU
		{1C5E8BDD-7F87-4E25-B805-44997A770426}.Release|Any CPU.Build.0 = Release|Any CPU
	EndGlobalSection
	GlobalSection(SolutionProperties) = preSolution
		HideSolutionNode = FALSE
	EndGlobalSection
	GlobalSection(ExtensibilityGlobals) = postSolution
		SolutionGuid = {066F14D1-CEC7-4E0D-92D8-96EB633E1F30}
	EndGlobalSection
EndGlobal
